
Microsoft Visual Studio Solution File, Format Version 12.00
# Visual Studio Version 17
VisualStudioVersion = 17.3.32901.215
MinimumVisualStudioVersion = 10.0.40219.1
Project("{FAE04EC0-301F-11D3-BF4B-00C04F79EFBC}") = "DB_Lab_1", "DB_Lab_1.csproj", "{02318749-FB7A-4030-9EF0-F0FF6EAB998E}"
EndProject
Global
	GlobalSection(SolutionConfigurationPlatforms) = preSolution
		Debug|Any CPU = Debug|Any CPU
		Release|Any CPU = Release|Any CPU
	EndGlobalSection
	GlobalSection(ProjectConfigurationPlatforms) = postSolution
		{02318749-FB7A-4030-9EF0-F0FF6EAB998E}.Debug|Any CPU.ActiveCfg = Debug|Any CPU
		{02318749-FB7A-4030-9EF0-F0FF6EAB998E}.Debug|Any CPU.Build.0 = Debug|Any CPU
		{02318749-FB7A-4030-9EF0-F0FF6EAB998E}.Release|Any CPU.ActiveCfg = Release|Any CPU
		{02318749-FB7A-4030-9EF0-F0FF6EAB998E}.Release|Any CPU.Build.0 = Release|Any CPU
	EndGlobalSection
	GlobalSection(SolutionProperties) = preSolution
		HideSolutionNode = FALSE
	EndGlobalSection
	GlobalSection(ExtensibilityGlobals) = postSolution
		SolutionGuid = {9A0D97F6-9790-4C92-B609-3820BC1185B2}
	EndGlobalSection
EndGlobal
